{
  "nodes": {
    "crane": {
      "inputs": {
        "flake-compat": [
          "flake-compat"
        ],
        "nix-std": "nix-std",
        "nixpkgs": [
          "nixpkgs"
        ],
        "utils": [
          "utils"
        ]
      },
      "locked": {
        "lastModified": 1644382374,
        "narHash": "sha256-C/SyLNvhKpQY+y6/I5h67oaSeqwxK9CLDDyYdLlByAY=",
        "owner": "ipetkov",
        "repo": "crane",
        "rev": "01250417c61ddd33160a0c285991123fc6e1e811",
        "type": "github"
      },
      "original": {
        "owner": "ipetkov",
        "repo": "crane",
        "type": "github"
      }
    },
    "flake-compat": {
      "flake": false,
      "locked": {
        "lastModified": 1641205782,
        "narHash": "sha256-4jY7RCWUoZ9cKD8co0/4tFARpWB+57+r1bLLvXNJliY=",
        "owner": "edolstra",
        "repo": "flake-compat",
        "rev": "b7547d3eed6f32d06102ead8991ec52ab0a4f1a7",
        "type": "github"
      },
      "original": {
        "owner": "edolstra",
        "repo": "flake-compat",
        "type": "github"
      }
    },
    "gitignore": {
      "inputs": {
        "nixpkgs": [
          "nixpkgs"
        ]
      },
      "locked": {
        "lastModified": 1635165013,
        "narHash": "sha256-o/BdVjNwcB6jOmzZjOH703BesSkkS5O7ej3xhyO8hAY=",
        "owner": "hercules-ci",
        "repo": "gitignore.nix",
        "rev": "5b9e0ff9d3b551234b4f3eb3983744fa354b17f1",
        "type": "github"
      },
      "original": {
        "owner": "hercules-ci",
        "repo": "gitignore.nix",
        "type": "github"
      }
    },
    "nix-std": {
      "locked": {
        "lastModified": 1624642189,
        "narHash": "sha256-tIt3p1k0PsYeIxK2xO9Z8k2Ggq2nH4auqj3RbVAiRrg=",
        "owner": "chessai",
        "repo": "nix-std",
        "rev": "9ef1cf73948bfad05d370165c7f3011b82c4d679",
        "type": "github"
      },
      "original": {
        "owner": "chessai",
        "repo": "nix-std",
        "type": "github"
      }
    },
    "nixpkgs": {
      "locked": {
        "lastModified": 1644315559,
        "narHash": "sha256-husNq8H/9DI5Oy1TK/RElNtPfldseMVY/9mSc2GdOQI=",
        "owner": "NixOS",
        "repo": "nixpkgs",
        "rev": "faad11645619099b11e438c4d89110aafd70261f",
        "type": "github"
      },
      "original": {
        "owner": "NixOS",
        "ref": "nixos-unstable-small",
        "repo": "nixpkgs",
        "type": "github"
      }
    },
    "pre-commit-hooks": {
      "inputs": {
        "flake-utils": [
          "utils"
        ],
        "nixpkgs": [
          "nixpkgs"
        ]
      },
      "locked": {
        "lastModified": 1639823344,
        "narHash": "sha256-jlsQb2y6A5dB1R0wVPLOfDGM0wLyfYqEJNzMtXuzCXw=",
        "owner": "cachix",
        "repo": "pre-commit-hooks.nix",
        "rev": "ff9c0b459ddc4b79c06e19d44251daa8e9cd1746",
        "type": "github"
      },
      "original": {
        "owner": "cachix",
        "repo": "pre-commit-hooks.nix",
        "type": "github"
      }
    },
    "root": {
      "inputs": {
        "crane": "crane",
        "flake-compat": "flake-compat",
        "gitignore": "gitignore",
        "nixpkgs": "nixpkgs",
        "pre-commit-hooks": "pre-commit-hooks",
        "rust": "rust",
        "utils": "utils"
      }
    },
    "rust": {
      "inputs": {
        "flake-utils": [
          "utils"
        ],
        "nixpkgs": [
          "nixpkgs"
        ]
      },
      "locked": {
        "lastModified": 1644374185,
        "narHash": "sha256-O+TkXOyooCUqM4myLDTcD4x8pQktprv4FHJJMSy04PE=",
        "owner": "oxalica",
        "repo": "rust-overlay",
        "rev": "4e444ecc6584a902ad12c23f0c1cbbead9adaf87",
        "type": "github"
      },
      "original": {
        "owner": "oxalica",
        "repo": "rust-overlay",
        "type": "github"
      }
    },
    "utils": {
      "locked": {
        "lastModified": 1644229661,
        "narHash": "sha256-1YdnJAsNy69bpcjuoKdOYQX0YxZBiCYZo4Twxerqv7k=",
        "owner": "numtide",
        "repo": "flake-utils",
        "rev": "3cecb5b042f7f209c56ffd8371b2711a290ec797",
        "type": "github"
      },
      "original": {
        "owner": "numtide",
        "repo": "flake-utils",
        "type": "github"
      }
    }
  },
  "root": "root",
  "version": 7
}
